{
  "name": "vite-project",
  "version": "0.0.0",
  "lockfileVersion": 1,
  "requires": true,
  "dependencies": {
    "pnpm": {
      "version": "8.5.1",
      "resolved": "https://nexus.alm.europe.cloudcenter.corp/repository/npm-public/pnpm/-/pnpm-8.5.1.tgz",
      "integrity": "sha512-W6elL7Nww0a/MCICkzpkbxW6f99TQuX4DuJoDjWp39X08PKDkEpg4cgj3d6EtgYADcdQWl/eM8NdlLJVE3RgpA=="
    }
  }
}
